
Microsoft Visual Studio Solution File, Format Version 12.00
# Visual Studio 14
VisualStudioVersion = 14.0.24720.0
MinimumVisualStudioVersion = 10.0.40219.1
Project("{FAE04EC0-301F-11D3-BF4B-00C04F79EFBC}") = "Launcher", "Launcher\Launcher.csproj", "{E12C24B8-FF3B-4645-AFB6-36DD8332D9A0}"
EndProject
Project("{FAE04EC0-301F-11D3-BF4B-00C04F79EFBC}") = "PluginManager", "PluginManager\PluginManager.csproj", "{6A3E3906-B9DA-4375-A01A-EBCE82CB1071}"
EndProject
Project("{FAE04EC0-301F-11D3-BF4B-00C04F79EFBC}") = "Interface", "Interface\Interface.csproj", "{D17B04F8-5E00-4E59-92AE-0C79C55216BB}"
EndProject
Project("{FAE04EC0-301F-11D3-BF4B-00C04F79EFBC}") = "MainForm", "MainForm\MainForm.csproj", "{9A27ED46-D71D-47DD-83E3-4389804DE365}"
EndProject
Project("{FAE04EC0-301F-11D3-BF4B-00C04F79EFBC}") = "Engine", "Engine\Engine.csproj", "{74099FCB-6069-4B35-A848-9477E85674AD}"
EndProject
Project("{FAE04EC0-301F-11D3-BF4B-00C04F79EFBC}") = "DataManagment", "DataManagment\DataManagment.csproj", "{FDEC7D1A-AE16-4CCD-BC58-5BE376CF2DF1}"
EndProject
Project("{FAE04EC0-301F-11D3-BF4B-00C04F79EFBC}") = "MenuTabs", "MenuTabs\MenuTabs.csproj", "{91594006-2DE6-438C-9FCA-06A286542AE2}"
EndProject
Project("{FAE04EC0-301F-11D3-BF4B-00C04F79EFBC}") = "DataItemSelector", "DataItemSelector\DataItemSelector.csproj", "{9E3B52DD-3A9F-458C-ABC4-971414224007}"
EndProject
Project("{FAE04EC0-301F-11D3-BF4B-00C04F79EFBC}") = "SeriesPlugin", "SeriesPlugin\SeriesPlugin.csproj", "{88F45733-C67B-489E-A00F-B1119A4BEFAF}"
EndProject
Project("{FAE04EC0-301F-11D3-BF4B-00C04F79EFBC}") = "DataPlugins", "DataPlugins\DataPlugins.csproj", "{DBA0F598-A6B9-4E04-AA17-1E8372F26E64}"
EndProject
Project("{FAE04EC0-301F-11D3-BF4B-00C04F79EFBC}") = "CategoryManagment", "CategoryManagment\CategoryManagment.csproj", "{24A91E97-D904-43EE-8300-B2C8E3D4F735}"
EndProject
Project("{FAE04EC0-301F-11D3-BF4B-00C04F79EFBC}") = "Common", "Common\Common.csproj", "{293862F9-58DE-426E-B5AD-03108C2FAE91}"
EndProject
Global
	GlobalSection(SolutionConfigurationPlatforms) = preSolution
		Debug|Any CPU = Debug|Any CPU
		Release|Any CPU = Release|Any CPU
	EndGlobalSection
	GlobalSection(ProjectConfigurationPlatforms) = postSolution
		{E12C24B8-FF3B-4645-AFB6-36DD8332D9A0}.Debug|Any CPU.ActiveCfg = Debug|Any CPU
		{E12C24B8-FF3B-4645-AFB6-36DD8332D9A0}.Debug|Any CPU.Build.0 = Debug|Any CPU
		{E12C24B8-FF3B-4645-AFB6-36DD8332D9A0}.Release|Any CPU.ActiveCfg = Release|Any CPU
		{E12C24B8-FF3B-4645-AFB6-36DD8332D9A0}.Release|Any CPU.Build.0 = Release|Any CPU
		{6A3E3906-B9DA-4375-A01A-EBCE82CB1071}.Debug|Any CPU.ActiveCfg = Debug|Any CPU
		{6A3E3906-B9DA-4375-A01A-EBCE82CB1071}.Debug|Any CPU.Build.0 = Debug|Any CPU
		{6A3E3906-B9DA-4375-A01A-EBCE82CB1071}.Release|Any CPU.ActiveCfg = Release|Any CPU
		{6A3E3906-B9DA-4375-A01A-EBCE82CB1071}.Release|Any CPU.Build.0 = Release|Any CPU
		{D17B04F8-5E00-4E59-92AE-0C79C55216BB}.Debug|Any CPU.ActiveCfg = Debug|Any CPU
		{D17B04F8-5E00-4E59-92AE-0C79C55216BB}.Debug|Any CPU.Build.0 = Debug|Any CPU
		{D17B04F8-5E00-4E59-92AE-0C79C55216BB}.Release|Any CPU.ActiveCfg = Release|Any CPU
		{D17B04F8-5E00-4E59-92AE-0C79C55216BB}.Release|Any CPU.Build.0 = Release|Any CPU
		{9A27ED46-D71D-47DD-83E3-4389804DE365}.Debug|Any CPU.ActiveCfg = Debug|Any CPU
		{9A27ED46-D71D-47DD-83E3-4389804DE365}.Debug|Any CPU.Build.0 = Debug|Any CPU
		{9A27ED46-D71D-47DD-83E3-4389804DE365}.Release|Any CPU.ActiveCfg = Release|Any CPU
		{9A27ED46-D71D-47DD-83E3-4389804DE365}.Release|Any CPU.Build.0 = Release|Any CPU
		{74099FCB-6069-4B35-A848-9477E85674AD}.Debug|Any CPU.ActiveCfg = Debug|Any CPU
		{74099FCB-6069-4B35-A848-9477E85674AD}.Debug|Any CPU.Build.0 = Debug|Any CPU
		{74099FCB-6069-4B35-A848-9477E85674AD}.Release|Any CPU.ActiveCfg = Release|Any CPU
		{74099FCB-6069-4B35-A848-9477E85674AD}.Release|Any CPU.Build.0 = Release|Any CPU
		{FDEC7D1A-AE16-4CCD-BC58-5BE376CF2DF1}.Debug|Any CPU.ActiveCfg = Debug|Any CPU
		{FDEC7D1A-AE16-4CCD-BC58-5BE376CF2DF1}.Debug|Any CPU.Build.0 = Debug|Any CPU
		{FDEC7D1A-AE16-4CCD-BC58-5BE376CF2DF1}.Release|Any CPU.ActiveCfg = Release|Any CPU
		{FDEC7D1A-AE16-4CCD-BC58-5BE376CF2DF1}.Release|Any CPU.Build.0 = Release|Any CPU
		{91594006-2DE6-438C-9FCA-06A286542AE2}.Debug|Any CPU.ActiveCfg = Debug|Any CPU
		{91594006-2DE6-438C-9FCA-06A286542AE2}.Debug|Any CPU.Build.0 = Debug|Any CPU
		{91594006-2DE6-438C-9FCA-06A286542AE2}.Release|Any CPU.ActiveCfg = Release|Any CPU
		{91594006-2DE6-438C-9FCA-06A286542AE2}.Release|Any CPU.Build.0 = Release|Any CPU
		{9E3B52DD-3A9F-458C-ABC4-971414224007}.Debug|Any CPU.ActiveCfg = Debug|Any CPU
		{9E3B52DD-3A9F-458C-ABC4-971414224007}.Debug|Any CPU.Build.0 = Debug|Any CPU
		{9E3B52DD-3A9F-458C-ABC4-971414224007}.Release|Any CPU.ActiveCfg = Release|Any CPU
		{9E3B52DD-3A9F-458C-ABC4-971414224007}.Release|Any CPU.Build.0 = Release|Any CPU
		{88F45733-C67B-489E-A00F-B1119A4BEFAF}.Debug|Any CPU.ActiveCfg = Debug|Any CPU
		{88F45733-C67B-489E-A00F-B1119A4BEFAF}.Debug|Any CPU.Build.0 = Debug|Any CPU
		{88F45733-C67B-489E-A00F-B1119A4BEFAF}.Release|Any CPU.ActiveCfg = Release|Any CPU
		{88F45733-C67B-489E-A00F-B1119A4BEFAF}.Release|Any CPU.Build.0 = Release|Any CPU
		{DBA0F598-A6B9-4E04-AA17-1E8372F26E64}.Debug|Any CPU.ActiveCfg = Debug|Any CPU
		{DBA0F598-A6B9-4E04-AA17-1E8372F26E64}.Debug|Any CPU.Build.0 = Debug|Any CPU
		{DBA0F598-A6B9-4E04-AA17-1E8372F26E64}.Release|Any CPU.ActiveCfg = Release|Any CPU
		{DBA0F598-A6B9-4E04-AA17-1E8372F26E64}.Release|Any CPU.Build.0 = Release|Any CPU
		{24A91E97-D904-43EE-8300-B2C8E3D4F735}.Debug|Any CPU.ActiveCfg = Debug|Any CPU
		{24A91E97-D904-43EE-8300-B2C8E3D4F735}.Debug|Any CPU.Build.0 = Debug|Any CPU
		{24A91E97-D904-43EE-8300-B2C8E3D4F735}.Release|Any CPU.ActiveCfg = Release|Any CPU
		{24A91E97-D904-43EE-8300-B2C8E3D4F735}.Release|Any CPU.Build.0 = Release|Any CPU
		{293862F9-58DE-426E-B5AD-03108C2FAE91}.Debug|Any CPU.ActiveCfg = Debug|Any CPU
		{293862F9-58DE-426E-B5AD-03108C2FAE91}.Debug|Any CPU.Build.0 = Debug|Any CPU
		{293862F9-58DE-426E-B5AD-03108C2FAE91}.Release|Any CPU.ActiveCfg = Release|Any CPU
		{293862F9-58DE-426E-B5AD-03108C2FAE91}.Release|Any CPU.Build.0 = Release|Any CPU
	EndGlobalSection
	GlobalSection(SolutionProperties) = preSolution
		HideSolutionNode = FALSE
	EndGlobalSection
EndGlobal
